
Microsoft Visual Studio Solution File, Format Version 12.00
# Visual Studio Version 17
VisualStudioVersion = 17.10.35027.167
MinimumVisualStudioVersion = 10.0.40219.1
Project("{FAE04EC0-301F-11D3-BF4B-00C04F79EFBC}") = "Mercearia_Machado", "Mercearia_Machado\Mercearia_Machado.csproj", "{4064E551-4DEE-42CF-B1E4-A2194B24A2F4}"
EndProject
Global
	GlobalSection(SolutionConfigurationPlatforms) = preSolution
		Debug|Any CPU = Debug|Any CPU
		Release|Any CPU = Release|Any CPU
	EndGlobalSection
	GlobalSection(ProjectConfigurationPlatforms) = postSolution
		{4064E551-4DEE-42CF-B1E4-A2194B24A2F4}.Debug|Any CPU.ActiveCfg = Debug|Any CPU
		{4064E551-4DEE-42CF-B1E4-A2194B24A2F4}.Debug|Any CPU.Build.0 = Debug|Any CPU
		{4064E551-4DEE-42CF-B1E4-A2194B24A2F4}.Release|Any CPU.ActiveCfg = Release|Any CPU
		{4064E551-4DEE-42CF-B1E4-A2194B24A2F4}.Release|Any CPU.Build.0 = Release|Any CPU
	EndGlobalSection
	GlobalSection(SolutionProperties) = preSolution
		HideSolutionNode = FALSE
	EndGlobalSection
	GlobalSection(ExtensibilityGlobals) = postSolution
		SolutionGuid = {4141ABCC-44FA-4266-B0AD-ABB9A4743181}
	EndGlobalSection
EndGlobal
